// !$*UTF8*$!
{
	archiveVersion = 1;
	classes = {
	};
	objectVersion = 46;
	objects = {

/* Begin PBXBuildFile section */
		DB3957781CCA189800F0B2FC /* main.cpp in Sources */ = {isa = PBXBuildFile; fileRef = DB3957771CCA189800F0B2FC /* main.cpp */; };
		DB3957801CCA191A00F0B2FC /* Map.cpp in Sources */ = {isa = PBXBuildFile; fileRef = DB39577E1CCA191A00F0B2FC /* Map.cpp */; };
		DB3957861CCBA63900F0B2FC /* PrettyPrint.cpp in Sources */ = {isa = PBXBuildFile; fileRef = DB3957841CCBA63900F0B2FC /* PrettyPrint.cpp */; };
		DB39578C1CCBA6F000F0B2FC /* Tag.cpp in Sources */ = {isa = PBXBuildFile; fileRef = DB39578A1CCBA6F000F0B2FC /* Tag.cpp */; };
		DB3957911CCC09B000F0B2FC /* Node.cpp in Sources */ = {isa = PBXBuildFile; fileRef = DB39578F1CCC09B000F0B2FC /* Node.cpp */; };
		DB3957971CCC239000F0B2FC /* Group.cpp in Sources */ = {isa = PBXBuildFile; fileRef = DB3957951CCC239000F0B2FC /* Group.cpp */; };
		DB39579D1CCC26A300F0B2FC /* DataReader.cpp in Sources */ = {isa = PBXBuildFile; fileRef = DB39579B1CCC26A300F0B2FC /* DataReader.cpp */; };
/* End PBXBuildFile section */

/* Begin PBXCopyFilesBuildPhase section */
		DB3957721CCA189800F0B2FC /* CopyFiles */ = {
			isa = PBXCopyFilesBuildPhase;
			buildActionMask = 2147483647;
			dstPath = /usr/share/man/man1/;
			dstSubfolderSpec = 0;
			files = (
			);
			runOnlyForDeploymentPostprocessing = 1;
		};
/* End PBXCopyFilesBuildPhase section */

/* Begin PBXFileReference section */
		DB3957741CCA189800F0B2FC /* FindTheRoute */ = {isa = PBXFileReference; explicitFileType = "compiled.mach-o.executable"; includeInIndex = 0; path = FindTheRoute; sourceTree = BUILT_PRODUCTS_DIR; };
		DB3957771CCA189800F0B2FC /* main.cpp */ = {isa = PBXFileReference; lastKnownFileType = sourcecode.cpp.cpp; path = main.cpp; sourceTree = "<group>"; };
		DB39577E1CCA191A00F0B2FC /* Map.cpp */ = {isa = PBXFileReference; fileEncoding = 4; lastKnownFileType = sourcecode.cpp.cpp; path = Map.cpp; sourceTree = "<group>"; };
		DB39577F1CCA191A00F0B2FC /* Map.hpp */ = {isa = PBXFileReference; fileEncoding = 4; lastKnownFileType = sourcecode.cpp.h; path = Map.hpp; sourceTree = "<group>"; };
		DB3957841CCBA63900F0B2FC /* PrettyPrint.cpp */ = {isa = PBXFileReference; fileEncoding = 4; lastKnownFileType = sourcecode.cpp.cpp; path = PrettyPrint.cpp; sourceTree = "<group>"; };
		DB3957851CCBA63900F0B2FC /* PrettyPrint.hpp */ = {isa = PBXFileReference; fileEncoding = 4; lastKnownFileType = sourcecode.cpp.h; path = PrettyPrint.hpp; sourceTree = "<group>"; };
		DB39578A1CCBA6F000F0B2FC /* Tag.cpp */ = {isa = PBXFileReference; fileEncoding = 4; lastKnownFileType = sourcecode.cpp.cpp; path = Tag.cpp; sourceTree = "<group>"; };
		DB39578B1CCBA6F000F0B2FC /* Tag.hpp */ = {isa = PBXFileReference; fileEncoding = 4; lastKnownFileType = sourcecode.cpp.h; path = Tag.hpp; sourceTree = "<group>"; };
		DB39578F1CCC09B000F0B2FC /* Node.cpp */ = {isa = PBXFileReference; fileEncoding = 4; lastKnownFileType = sourcecode.cpp.cpp; path = Node.cpp; sourceTree = "<group>"; };
		DB3957901CCC09B000F0B2FC /* Node.hpp */ = {isa = PBXFileReference; fileEncoding = 4; lastKnownFileType = sourcecode.cpp.h; path = Node.hpp; sourceTree = "<group>"; };
		DB3957951CCC239000F0B2FC /* Group.cpp */ = {isa = PBXFileReference; fileEncoding = 4; lastKnownFileType = sourcecode.cpp.cpp; path = Group.cpp; sourceTree = "<group>"; };
		DB3957961CCC239000F0B2FC /* Group.hpp */ = {isa = PBXFileReference; fileEncoding = 4; lastKnownFileType = sourcecode.cpp.h; path = Group.hpp; sourceTree = "<group>"; };
		DB39579B1CCC26A300F0B2FC /* DataReader.cpp */ = {isa = PBXFileReference; fileEncoding = 4; lastKnownFileType = sourcecode.cpp.cpp; path = DataReader.cpp; sourceTree = "<group>"; };
		DB39579C1CCC26A300F0B2FC /* DataReader.hpp */ = {isa = PBXFileReference; fileEncoding = 4; lastKnownFileType = sourcecode.cpp.h; path = DataReader.hpp; sourceTree = "<group>"; };
/* End PBXFileReference section */

/* Begin PBXFrameworksBuildPhase section */
		DB3957711CCA189800F0B2FC /* Frameworks */ = {
			isa = PBXFrameworksBuildPhase;
			buildActionMask = 2147483647;
			files = (
			);
			runOnlyForDeploymentPostprocessing = 0;
		};
/* End PBXFrameworksBuildPhase section */

/* Begin PBXGroup section */
		DB39576B1CCA189800F0B2FC = {
			isa = PBXGroup;
			children = (
				DB3957761CCA189800F0B2FC /* FindTheRoute */,
				DB3957751CCA189800F0B2FC /* Products */,
			);
			sourceTree = "<group>";
		};
		DB3957751CCA189800F0B2FC /* Products */ = {
			isa = PBXGroup;
			children = (
				DB3957741CCA189800F0B2FC /* FindTheRoute */,
			);
			name = Products;
			sourceTree = "<group>";
		};
		DB3957761CCA189800F0B2FC /* FindTheRoute */ = {
			isa = PBXGroup;
			children = (
				DB3957771CCA189800F0B2FC /* main.cpp */,
				DB39579B1CCC26A300F0B2FC /* DataReader.cpp */,
				DB39579C1CCC26A300F0B2FC /* DataReader.hpp */,
				DB39577E1CCA191A00F0B2FC /* Map.cpp */,
				DB39577F1CCA191A00F0B2FC /* Map.hpp */,
				DB39578A1CCBA6F000F0B2FC /* Tag.cpp */,
				DB39578B1CCBA6F000F0B2FC /* Tag.hpp */,
				DB3957841CCBA63900F0B2FC /* PrettyPrint.cpp */,
				DB3957851CCBA63900F0B2FC /* PrettyPrint.hpp */,
				DB39578F1CCC09B000F0B2FC /* Node.cpp */,
				DB3957901CCC09B000F0B2FC /* Node.hpp */,
				DB3957951CCC239000F0B2FC /* Group.cpp */,
				DB3957961CCC239000F0B2FC /* Group.hpp */,
			);
			path = FindTheRoute;
			sourceTree = "<group>";
		};
/* End PBXGroup section */

/* Begin PBXNativeTarget section */
		DB3957731CCA189800F0B2FC /* FindTheRoute */ = {
			isa = PBXNativeTarget;
			buildConfigurationList = DB39577B1CCA189800F0B2FC /* Build configuration list for PBXNativeTarget "FindTheRoute" */;
			buildPhases = (
				DB3957701CCA189800F0B2FC /* Sources */,
				DB3957711CCA189800F0B2FC /* Frameworks */,
				DB3957721CCA189800F0B2FC /* CopyFiles */,
			);
			buildRules = (
			);
			dependencies = (
			);
			name = FindTheRoute;
			productName = FindTheRoute;
			productReference = DB3957741CCA189800F0B2FC /* FindTheRoute */;
			productType = "com.apple.product-type.tool";
		};
/* End PBXNativeTarget section */

/* Begin PBXProject section */
		DB39576C1CCA189800F0B2FC /* Project object */ = {
			isa = PBXProject;
			attributes = {
				LastUpgradeCheck = 0730;
				ORGANIZATIONNAME = cpe24;
				TargetAttributes = {
					DB3957731CCA189800F0B2FC = {
						CreatedOnToolsVersion = 7.3;
					};
				};
			};
			buildConfigurationList = DB39576F1CCA189800F0B2FC /* Build configuration list for PBXProject "FindTheRoute" */;
			compatibilityVersion = "Xcode 3.2";
			developmentRegion = English;
			hasScannedForEncodings = 0;
			knownRegions = (
				en,
			);
			mainGroup = DB39576B1CCA189800F0B2FC;
			productRefGroup = DB3957751CCA189800F0B2FC /* Products */;
			projectDirPath = "";
			projectRoot = "";
			targets = (
				DB3957731CCA189800F0B2FC /* FindTheRoute */,
			);
		};
/* End PBXProject section */

/* Begin PBXSourcesBuildPhase section */
		DB3957701CCA189800F0B2FC /* Sources */ = {
			isa = PBXSourcesBuildPhase;
			buildActionMask = 2147483647;
			files = (
				DB39578C1CCBA6F000F0B2FC /* Tag.cpp in Sources */,
				DB39579D1CCC26A300F0B2FC /* DataReader.cpp in Sources */,
				DB3957801CCA191A00F0B2FC /* Map.cpp in Sources */,
				DB3957861CCBA63900F0B2FC /* PrettyPrint.cpp in Sources */,
				DB3957911CCC09B000F0B2FC /* Node.cpp in Sources */,
				DB3957971CCC239000F0B2FC /* Group.cpp in Sources */,
				DB3957781CCA189800F0B2FC /* main.cpp in Sources */,
			);
			runOnlyForDeploymentPostprocessing = 0;
		};
/* End PBXSourcesBuildPhase section */

/* Begin XCBuildConfiguration section */
		DB3957791CCA189800F0B2FC /* Debug */ = {
			isa = XCBuildConfiguration;
			buildSettings = {
				ALWAYS_SEARCH_USER_PATHS = NO;
				CLANG_ANALYZER_NONNULL = YES;
				CLANG_CXX_LANGUAGE_STANDARD = "gnu++0x";
				CLANG_CXX_LIBRARY = "libc++";
				CLANG_ENABLE_MODULES = YES;
				CLANG_ENABLE_OBJC_ARC = YES;
				CLANG_WARN_BOOL_CONVERSION = YES;
				CLANG_WARN_CONSTANT_CONVERSION = YES;
				CLANG_WARN_DIRECT_OBJC_ISA_USAGE = YES_ERROR;
				CLANG_WARN_EMPTY_BODY = YES;
				CLANG_WARN_ENUM_CONVERSION = YES;
				CLANG_WARN_INT_CONVERSION = YES;
				CLANG_WARN_OBJC_ROOT_CLASS = YES_ERROR;
				CLANG_WARN_UNREACHABLE_CODE = YES;
				CLANG_WARN__DUPLICATE_METHOD_MATCH = YES;
				CODE_SIGN_IDENTITY = "-";
				COPY_PHASE_STRIP = NO;
				DEBUG_INFORMATION_FORMAT = dwarf;
				ENABLE_STRICT_OBJC_MSGSEND = YES;
				ENABLE_TESTABILITY = YES;
				GCC_C_LANGUAGE_STANDARD = gnu99;
				GCC_DYNAMIC_NO_PIC = NO;
				GCC_NO_COMMON_BLOCKS = YES;
				GCC_OPTIMIZATION_LEVEL = 0;
				GCC_PREPROCESSOR_DEFINITIONS = (
					"DEBUG=1",
					"$(inherited)",
				);
				GCC_WARN_64_TO_32_BIT_CONVERSION = YES;
				GCC_WARN_ABOUT_RETURN_TYPE = YES_ERROR;
				GCC_WARN_UNDECLARED_SELECTOR = YES;
				GCC_WARN_UNINITIALIZED_AUTOS = YES_AGGRESSIVE;
				GCC_WARN_UNUSED_FUNCTION = YES;
				GCC_WARN_UNUSED_VARIABLE = YES;
				MACOSX_DEPLOYMENT_TARGET = 10.11;
				MTL_ENABLE_DEBUG_INFO = YES;
				ONLY_ACTIVE_ARCH = YES;
				SDKROOT = macosx;
			};
			name = Debug;
		};
		DB39577A1CCA189800F0B2FC /* Release */ = {
			isa = XCBuildConfiguration;
			buildSettings = {
				ALWAYS_SEARCH_USER_PATHS = NO;
				CLANG_ANALYZER_NONNULL = YES;
				CLANG_CXX_LANGUAGE_STANDARD = "gnu++0x";
				CLANG_CXX_LIBRARY = "libc++";
				CLANG_ENABLE_MODULES = YES;
				CLANG_ENABLE_OBJC_ARC = YES;
				CLANG_WARN_BOOL_CONVERSION = YES;
				CLANG_WARN_CONSTANT_CONVERSION = YES;
				CLANG_WARN_DIRECT_OBJC_ISA_USAGE = YES_ERROR;
				CLANG_WARN_EMPTY_BODY = YES;
				CLANG_WARN_ENUM_CONVERSION = YES;
				CLANG_WARN_INT_CONVERSION = YES;
				CLANG_WARN_OBJC_ROOT_CLASS = YES_ERROR;
				CLANG_WARN_UNREACHABLE_CODE = YES;
				CLANG_WARN__DUPLICATE_METHOD_MATCH = YES;
				CODE_SIGN_IDENTITY = "-";
				COPY_PHASE_STRIP = NO;
				DEBUG_INFORMATION_FORMAT = "dwarf-with-dsym";
				ENABLE_NS_ASSERTIONS = NO;
				ENABLE_STRICT_OBJC_MSGSEND = YES;
				GCC_C_LANGUAGE_STANDARD = gnu99;
				GCC_NO_COMMON_BLOCKS = YES;
				GCC_WARN_64_TO_32_BIT_CONVERSION = YES;
				GCC_WARN_ABOUT_RETURN_TYPE = YES_ERROR;
				GCC_WARN_UNDECLARED_SELECTOR = YES;
				GCC_WARN_UNINITIALIZED_AUTOS = YES_AGGRESSIVE;
				GCC_WARN_UNUSED_FUNCTION = YES;
				GCC_WARN_UNUSED_VARIABLE = YES;
				MACOSX_DEPLOYMENT_TARGET = 10.11;
				MTL_ENABLE_DEBUG_INFO = NO;
				SDKROOT = macosx;
			};
			name = Release;
		};
		DB39577C1CCA189800F0B2FC /* Debug */ = {
			isa = XCBuildConfiguration;
			buildSettings = {
				PRODUCT_NAME = "$(TARGET_NAME)";
			};
			name = Debug;
		};
		DB39577D1CCA189800F0B2FC /* Release */ = {
			isa = XCBuildConfiguration;
			buildSettings = {
				PRODUCT_NAME = "$(TARGET_NAME)";
			};
			name = Release;
		};
/* End XCBuildConfiguration section */

/* Begin XCConfigurationList section */
		DB39576F1CCA189800F0B2FC /* Build configuration list for PBXProject "FindTheRoute" */ = {
			isa = XCConfigurationList;
			buildConfigurations = (
				DB3957791CCA189800F0B2FC /* Debug */,
				DB39577A1CCA189800F0B2FC /* Release */,
			);
			defaultConfigurationIsVisible = 0;
			defaultConfigurationName = Release;
		};
		DB39577B1CCA189800F0B2FC /* Build configuration list for PBXNativeTarget "FindTheRoute" */ = {
			isa = XCConfigurationList;
			buildConfigurations = (
				DB39577C1CCA189800F0B2FC /* Debug */,
				DB39577D1CCA189800F0B2FC /* Release */,
			);
			defaultConfigurationIsVisible = 0;
		};
/* End XCConfigurationList section */
	};
	rootObject = DB39576C1CCA189800F0B2FC /* Project object */;
}
